
Microsoft Visual Studio Solution File, Format Version 12.00
# Visual Studio 15
VisualStudioVersion = 15.0.27703.2042
MinimumVisualStudioVersion = 10.0.40219.1
Project("{FAE04EC0-301F-11D3-BF4B-00C04F79EFBC}") = "LojaDoTioWell", "LojaDoTioWell\LojaDoTioWell.csproj", "{49B3EB61-A077-47BE-BB90-B685FF07E0C1}"
EndProject
Project("{FAE04EC0-301F-11D3-BF4B-00C04F79EFBC}") = "LojaDoTioWell.Controller", "LojaDoTioWell.Controller\LojaDoTioWell.Controller.csproj", "{FBC92255-2270-4E3C-B622-2192F6C4A22B}"
EndProject
Global
	GlobalSection(SolutionConfigurationPlatforms) = preSolution
		Debug|Any CPU = Debug|Any CPU
		Release|Any CPU = Release|Any CPU
	EndGlobalSection
	GlobalSection(ProjectConfigurationPlatforms) = postSolution
		{49B3EB61-A077-47BE-BB90-B685FF07E0C1}.Debug|Any CPU.ActiveCfg = Debug|Any CPU
		{49B3EB61-A077-47BE-BB90-B685FF07E0C1}.Debug|Any CPU.Build.0 = Debug|Any CPU
		{49B3EB61-A077-47BE-BB90-B685FF07E0C1}.Release|Any CPU.ActiveCfg = Release|Any CPU
		{49B3EB61-A077-47BE-BB90-B685FF07E0C1}.Release|Any CPU.Build.0 = Release|Any CPU
		{FBC92255-2270-4E3C-B622-2192F6C4A22B}.Debug|Any CPU.ActiveCfg = Debug|Any CPU
		{FBC92255-2270-4E3C-B622-2192F6C4A22B}.Debug|Any CPU.Build.0 = Debug|Any CPU
		{FBC92255-2270-4E3C-B622-2192F6C4A22B}.Release|Any CPU.ActiveCfg = Release|Any CPU
		{FBC92255-2270-4E3C-B622-2192F6C4A22B}.Release|Any CPU.Build.0 = Release|Any CPU
	EndGlobalSection
	GlobalSection(SolutionProperties) = preSolution
		HideSolutionNode = FALSE
	EndGlobalSection
	GlobalSection(ExtensibilityGlobals) = postSolution
		SolutionGuid = {DA3A959C-C596-40F0-8BA3-B8CE6A8905F2}
	EndGlobalSection
EndGlobal
